
Microsoft Visual Studio Solution File, Format Version 12.00
# Visual Studio 15
VisualStudioVersion = 15.0.27703.2035
MinimumVisualStudioVersion = 10.0.40219.1
Project("{2150E333-8FDC-42A3-9474-1A3956D46DE8}") = "Data", "Data", "{D9591870-6579-4B76-8C63-36CC2D04DD12}"
EndProject
Project("{2150E333-8FDC-42A3-9474-1A3956D46DE8}") = "Web", "Web", "{0C456ED0-C92B-40E9-8985-2F1C988253DE}"
EndProject
Project("{2150E333-8FDC-42A3-9474-1A3956D46DE8}") = "Services", "Services", "{0639E962-14F4-4617-B21C-525E9B194E3B}"
EndProject
Project("{2150E333-8FDC-42A3-9474-1A3956D46DE8}") = "Domain", "Domain", "{5E531A8D-8665-4C93-BC68-DC7E9EF28887}"
EndProject
Project("{2150E333-8FDC-42A3-9474-1A3956D46DE8}") = "QualityAssurance", "QualityAssurance", "{8D0DF7CE-670D-4729-A854-C91871A1C780}"
EndProject
Project("{FAE04EC0-301F-11D3-BF4B-00C04F79EFBC}") = "CTRL_Core.Backbone", "CTRL_Core.Backbone\CTRL_Core.Backbone.csproj", "{776CC15A-7B99-4EEB-9EE2-02903915001E}"
EndProject
Project("{FAE04EC0-301F-11D3-BF4B-00C04F79EFBC}") = "CTRL_Core.Domain", "CTRL_Core.Domain\CTRL_Core.Domain.csproj", "{4E80F2C4-C04E-491D-944C-BFC4140224C8}"
EndProject
Project("{FAE04EC0-301F-11D3-BF4B-00C04F79EFBC}") = "CTRL_Core.UserServices", "CTRL_Core.UserServices\CTRL_Core.UserServices.csproj", "{D73F449A-7FDB-424B-8F1B-5638E382855C}"
EndProject
Project("{FAE04EC0-301F-11D3-BF4B-00C04F79EFBC}") = "CTRL_Core.Web", "CTRL_Core.Web\CTRL_Core.Web.csproj", "{26E3669E-0DEA-4292-B2F3-CB2F9ED55026}"
EndProject
Global
	GlobalSection(SolutionConfigurationPlatforms) = preSolution
		Debug|Any CPU = Debug|Any CPU
		Release|Any CPU = Release|Any CPU
	EndGlobalSection
	GlobalSection(ProjectConfigurationPlatforms) = postSolution
		{776CC15A-7B99-4EEB-9EE2-02903915001E}.Debug|Any CPU.ActiveCfg = Debug|Any CPU
		{776CC15A-7B99-4EEB-9EE2-02903915001E}.Debug|Any CPU.Build.0 = Debug|Any CPU
		{776CC15A-7B99-4EEB-9EE2-02903915001E}.Release|Any CPU.ActiveCfg = Release|Any CPU
		{776CC15A-7B99-4EEB-9EE2-02903915001E}.Release|Any CPU.Build.0 = Release|Any CPU
		{4E80F2C4-C04E-491D-944C-BFC4140224C8}.Debug|Any CPU.ActiveCfg = Debug|Any CPU
		{4E80F2C4-C04E-491D-944C-BFC4140224C8}.Debug|Any CPU.Build.0 = Debug|Any CPU
		{4E80F2C4-C04E-491D-944C-BFC4140224C8}.Release|Any CPU.ActiveCfg = Release|Any CPU
		{4E80F2C4-C04E-491D-944C-BFC4140224C8}.Release|Any CPU.Build.0 = Release|Any CPU
		{D73F449A-7FDB-424B-8F1B-5638E382855C}.Debug|Any CPU.ActiveCfg = Debug|Any CPU
		{D73F449A-7FDB-424B-8F1B-5638E382855C}.Debug|Any CPU.Build.0 = Debug|Any CPU
		{D73F449A-7FDB-424B-8F1B-5638E382855C}.Release|Any CPU.ActiveCfg = Release|Any CPU
		{D73F449A-7FDB-424B-8F1B-5638E382855C}.Release|Any CPU.Build.0 = Release|Any CPU
		{26E3669E-0DEA-4292-B2F3-CB2F9ED55026}.Debug|Any CPU.ActiveCfg = Debug|Any CPU
		{26E3669E-0DEA-4292-B2F3-CB2F9ED55026}.Debug|Any CPU.Build.0 = Debug|Any CPU
		{26E3669E-0DEA-4292-B2F3-CB2F9ED55026}.Release|Any CPU.ActiveCfg = Release|Any CPU
		{26E3669E-0DEA-4292-B2F3-CB2F9ED55026}.Release|Any CPU.Build.0 = Release|Any CPU
	EndGlobalSection
	GlobalSection(SolutionProperties) = preSolution
		HideSolutionNode = FALSE
	EndGlobalSection
	GlobalSection(NestedProjects) = preSolution
		{776CC15A-7B99-4EEB-9EE2-02903915001E} = {D9591870-6579-4B76-8C63-36CC2D04DD12}
		{4E80F2C4-C04E-491D-944C-BFC4140224C8} = {5E531A8D-8665-4C93-BC68-DC7E9EF28887}
		{D73F449A-7FDB-424B-8F1B-5638E382855C} = {0639E962-14F4-4617-B21C-525E9B194E3B}
		{26E3669E-0DEA-4292-B2F3-CB2F9ED55026} = {0C456ED0-C92B-40E9-8985-2F1C988253DE}
	EndGlobalSection
	GlobalSection(ExtensibilityGlobals) = postSolution
		SolutionGuid = {6A2CB50C-0ED6-4EEF-B89F-F0471BC0DD3A}
	EndGlobalSection
EndGlobal
